PODS:
  - NYFaceRecognitionKit (0.1.0)

DEPENDENCIES:
  - NYFaceRecognitionKit (from `../`)

EXTERNAL SOURCES:
  NYFaceRecognitionKit:
    :path: ../

SPEC CHECKSUMS:
  NYFaceRecognitionKit: e5f3ada0c4f4eb4ca0eac84b079339caf407d020

PODFILE CHECKSUM: 21093ceb2952755829117682bf9d792da696fdd3

COCOAPODS: 1.4.0
